
Microsoft Visual Studio Solution File, Format Version 12.00
# Visual Studio Version 16
VisualStudioVersion = 16.0.30204.135
MinimumVisualStudioVersion = 10.0.40219.1
Project("{FAE04EC0-301F-11D3-BF4B-00C04F79EFBC}") = "BatchProcesator", "BatchProcesator.csproj", "{90208ED3-80B5-4B8B-89C7-53C8CE7C6330}"
EndProject
Global
	GlobalSection(SolutionConfigurationPlatforms) = preSolution
		Debug|Any CPU = Debug|Any CPU
		Release|Any CPU = Release|Any CPU
	EndGlobalSection
	GlobalSection(ProjectConfigurationPlatforms) = postSolution
		{90208ED3-80B5-4B8B-89C7-53C8CE7C6330}.Debug|Any CPU.ActiveCfg = Debug|Any CPU
		{90208ED3-80B5-4B8B-89C7-53C8CE7C6330}.Debug|Any CPU.Build.0 = Debug|Any CPU
		{90208ED3-80B5-4B8B-89C7-53C8CE7C6330}.Release|Any CPU.ActiveCfg = Release|Any CPU
		{90208ED3-80B5-4B8B-89C7-53C8CE7C6330}.Release|Any CPU.Build.0 = Release|Any CPU
	EndGlobalSection
	GlobalSection(SolutionProperties) = preSolution
		HideSolutionNode = FALSE
	EndGlobalSection
	GlobalSection(ExtensibilityGlobals) = postSolution
		SolutionGuid = {49C897DD-ACB7-4C5E-858F-D17DCB26EA19}
	EndGlobalSection
EndGlobal
